
Microsoft Visual Studio Solution File, Format Version 12.00
# Visual Studio Version 17
VisualStudioVersion = 17.0.31919.166
MinimumVisualStudioVersion = 10.0.40219.1
Project("{9A19103F-16F7-4668-BE54-9A1E7A4F7556}") = "ChatONN.Core", "ChatONN.Core\ChatONN.Core.csproj", "{C786C678-1677-482C-8AC4-49598DADBB39}"
EndProject
Project("{9A19103F-16F7-4668-BE54-9A1E7A4F7556}") = "ChatONN.Desktop", "ChatONN.Desktop\ChatONN.Desktop.csproj", "{8B644937-BCC1-48B5-B666-426931D0CD38}"
EndProject
Global
	GlobalSection(SolutionConfigurationPlatforms) = preSolution
		Debug|Any CPU = Debug|Any CPU
		Release|Any CPU = Release|Any CPU
	EndGlobalSection
	GlobalSection(ProjectConfigurationPlatforms) = postSolution
		{C786C678-1677-482C-8AC4-49598DADBB39}.Debug|Any CPU.ActiveCfg = Debug|Any CPU
		{C786C678-1677-482C-8AC4-49598DADBB39}.Debug|Any CPU.Build.0 = Debug|Any CPU
		{C786C678-1677-482C-8AC4-49598DADBB39}.Release|Any CPU.ActiveCfg = Release|Any CPU
		{C786C678-1677-482C-8AC4-49598DADBB39}.Release|Any CPU.Build.0 = Release|Any CPU
		{8B644937-BCC1-48B5-B666-426931D0CD38}.Debug|Any CPU.ActiveCfg = Debug|Any CPU
		{8B644937-BCC1-48B5-B666-426931D0CD38}.Debug|Any CPU.Build.0 = Debug|Any CPU
		{8B644937-BCC1-48B5-B666-426931D0CD38}.Release|Any CPU.ActiveCfg = Release|Any CPU
		{8B644937-BCC1-48B5-B666-426931D0CD38}.Release|Any CPU.Build.0 = Release|Any CPU
	EndGlobalSection
	GlobalSection(SolutionProperties) = preSolution
		HideSolutionNode = FALSE
	EndGlobalSection
	GlobalSection(ExtensibilityGlobals) = postSolution
		SolutionGuid = {70A7764D-30E3-47CB-9907-ECCC1A014AED}
	EndGlobalSection
EndGlobal
